// !$*UTF8*$!
{
	archiveVersion = 1;
	classes = {
	};
	objectVersion = 46;
	objects = {

/* Begin PBXBuildFile section */
		6033964E191663C70079102B /* Foundation.framework in Frameworks */ = {isa = PBXBuildFile; fileRef = 6033964D191663C70079102B /* Foundation.framework */; };
		60339650191663C70079102B /* CoreGraphics.framework in Frameworks */ = {isa = PBXBuildFile; fileRef = 6033964F191663C70079102B /* CoreGraphics.framework */; };
		60339652191663C70079102B /* UIKit.framework in Frameworks */ = {isa = PBXBuildFile; fileRef = 60339651191663C70079102B /* UIKit.framework */; };
		60339658191663C70079102B /* InfoPlist.strings in Resources */ = {isa = PBXBuildFile; fileRef = 60339656191663C70079102B /* InfoPlist.strings */; };
		6033965A191663C70079102B /* main.m in Sources */ = {isa = PBXBuildFile; fileRef = 60339659191663C70079102B /* main.m */; };
		6033965E191663C70079102B /* AppDelegate.m in Sources */ = {isa = PBXBuildFile; fileRef = 6033965D191663C70079102B /* AppDelegate.m */; };
		60339661191663C70079102B /* Main_iPhone.storyboard in Resources */ = {isa = PBXBuildFile; fileRef = 6033965F191663C70079102B /* Main_iPhone.storyboard */; };
		60339664191663C70079102B /* Main_iPad.storyboard in Resources */ = {isa = PBXBuildFile; fileRef = 60339662191663C70079102B /* Main_iPad.storyboard */; };
		60339667191663C70079102B /* ViewController.m in Sources */ = {isa = PBXBuildFile; fileRef = 60339666191663C70079102B /* ViewController.m */; };
		60339669191663C70079102B /* Images.xcassets in Resources */ = {isa = PBXBuildFile; fileRef = 60339668191663C70079102B /* Images.xcassets */; };
		60339670191663C70079102B /* XCTest.framework in Frameworks */ = {isa = PBXBuildFile; fileRef = 6033966F191663C70079102B /* XCTest.framework */; };
		60339671191663C70079102B /* Foundation.framework in Frameworks */ = {isa = PBXBuildFile; fileRef = 6033964D191663C70079102B /* Foundation.framework */; };
		60339672191663C70079102B /* UIKit.framework in Frameworks */ = {isa = PBXBuildFile; fileRef = 60339651191663C70079102B /* UIKit.framework */; };
		6033967A191663C70079102B /* InfoPlist.strings in Resources */ = {isa = PBXBuildFile; fileRef = 60339678191663C70079102B /* InfoPlist.strings */; };
		6033967C191663C70079102B /* rposTests.m in Sources */ = {isa = PBXBuildFile; fileRef = 6033967B191663C70079102B /* rposTests.m */; };
		60339687191665450079102B /* xposViewController.m in Sources */ = {isa = PBXBuildFile; fileRef = 60339686191665450079102B /* xposViewController.m */; };
/* End PBXBuildFile section */

/* Begin PBXContainerItemProxy section */
		60339673191663C70079102B /* PBXContainerItemProxy */ = {
			isa = PBXContainerItemProxy;
			containerPortal = 60339642191663C70079102B /* Project object */;
			proxyType = 1;
			remoteGlobalIDString = 60339649191663C70079102B;
			remoteInfo = rpos;
		};
/* End PBXContainerItemProxy section */

/* Begin PBXFileReference section */
		6033964A191663C70079102B /* rpos.app */ = {isa = PBXFileReference; explicitFileType = wrapper.application; includeInIndex = 0; path = rpos.app; sourceTree = BUILT_PRODUCTS_DIR; };
		6033964D191663C70079102B /* Foundation.framework */ = {isa = PBXFileReference; lastKnownFileType = wrapper.framework; name = Foundation.framework; path = System/Library/Frameworks/Foundation.framework; sourceTree = SDKROOT; };
		6033964F191663C70079102B /* CoreGraphics.framework */ = {isa = PBXFileReference; lastKnownFileType = wrapper.framework; name = CoreGraphics.framework; path = System/Library/Frameworks/CoreGraphics.framework; sourceTree = SDKROOT; };
		60339651191663C70079102B /* UIKit.framework */ = {isa = PBXFileReference; lastKnownFileType = wrapper.framework; name = UIKit.framework; path = System/Library/Frameworks/UIKit.framework; sourceTree = SDKROOT; };
		60339655191663C70079102B /* rpos-Info.plist */ = {isa = PBXFileReference; lastKnownFileType = text.plist.xml; path = "rpos-Info.plist"; sourceTree = "<group>"; };
		60339657191663C70079102B /* en */ = {isa = PBXFileReference; lastKnownFileType = text.plist.strings; name = en; path = en.lproj/InfoPlist.strings; sourceTree = "<group>"; };
		60339659191663C70079102B /* main.m */ = {isa = PBXFileReference; lastKnownFileType = sourcecode.c.objc; path = main.m; sourceTree = "<group>"; };
		6033965B191663C70079102B /* rpos-Prefix.pch */ = {isa = PBXFileReference; lastKnownFileType = sourcecode.c.h; path = "rpos-Prefix.pch"; sourceTree = "<group>"; };
		6033965C191663C70079102B /* AppDelegate.h */ = {isa = PBXFileReference; lastKnownFileType = sourcecode.c.h; path = AppDelegate.h; sourceTree = "<group>"; };
		6033965D191663C70079102B /* AppDelegate.m */ = {isa = PBXFileReference; lastKnownFileType = sourcecode.c.objc; path = AppDelegate.m; sourceTree = "<group>"; };
		60339660191663C70079102B /* Base */ = {isa = PBXFileReference; lastKnownFileType = file.storyboard; name = Base; path = Base.lproj/Main_iPhone.storyboard; sourceTree = "<group>"; };
		60339663191663C70079102B /* Base */ = {isa = PBXFileReference; lastKnownFileType = file.storyboard; name = Base; path = Base.lproj/Main_iPad.storyboard; sourceTree = "<group>"; };
		60339665191663C70079102B /* ViewController.h */ = {isa = PBXFileReference; lastKnownFileType = sourcecode.c.h; path = ViewController.h; sourceTree = "<group>"; };
		60339666191663C70079102B /* ViewController.m */ = {isa = PBXFileReference; lastKnownFileType = sourcecode.c.objc; path = ViewController.m; sourceTree = "<group>"; };
		60339668191663C70079102B /* Images.xcassets */ = {isa = PBXFileReference; lastKnownFileType = folder.assetcatalog; path = Images.xcassets; sourceTree = "<group>"; };
		6033966E191663C70079102B /* rposTests.xctest */ = {isa = PBXFileReference; explicitFileType = wrapper.cfbundle; includeInIndex = 0; path = rposTests.xctest; sourceTree = BUILT_PRODUCTS_DIR; };
		6033966F191663C70079102B /* XCTest.framework */ = {isa = PBXFileReference; lastKnownFileType = wrapper.framework; name = XCTest.framework; path = Library/Frameworks/XCTest.framework; sourceTree = DEVELOPER_DIR; };
		60339677191663C70079102B /* rposTests-Info.plist */ = {isa = PBXFileReference; lastKnownFileType = text.plist.xml; path = "rposTests-Info.plist"; sourceTree = "<group>"; };
		60339679191663C70079102B /* en */ = {isa = PBXFileReference; lastKnownFileType = text.plist.strings; name = en; path = en.lproj/InfoPlist.strings; sourceTree = "<group>"; };
		6033967B191663C70079102B /* rposTests.m */ = {isa = PBXFileReference; lastKnownFileType = sourcecode.c.objc; path = rposTests.m; sourceTree = "<group>"; };
		60339685191665450079102B /* xposViewController.h */ = {isa = PBXFileReference; fileEncoding = 4; lastKnownFileType = sourcecode.c.h; path = xposViewController.h; sourceTree = "<group>"; };
		60339686191665450079102B /* xposViewController.m */ = {isa = PBXFileReference; fileEncoding = 4; lastKnownFileType = sourcecode.c.objc; path = xposViewController.m; sourceTree = "<group>"; };
/* End PBXFileReference section */

/* Begin PBXFrameworksBuildPhase section */
		60339647191663C70079102B /* Frameworks */ = {
			isa = PBXFrameworksBuildPhase;
			buildActionMask = 2147483647;
			files = (
				60339650191663C70079102B /* CoreGraphics.framework in Frameworks */,
				60339652191663C70079102B /* UIKit.framework in Frameworks */,
				6033964E191663C70079102B /* Foundation.framework in Frameworks */,
			);
			runOnlyForDeploymentPostprocessing = 0;
		};
		6033966B191663C70079102B /* Frameworks */ = {
			isa = PBXFrameworksBuildPhase;
			buildActionMask = 2147483647;
			files = (
				60339670191663C70079102B /* XCTest.framework in Frameworks */,
				60339672191663C70079102B /* UIKit.framework in Frameworks */,
				60339671191663C70079102B /* Foundation.framework in Frameworks */,
			);
			runOnlyForDeploymentPostprocessing = 0;
		};
/* End PBXFrameworksBuildPhase section */

/* Begin PBXGroup section */
		60339641191663C70079102B = {
			isa = PBXGroup;
			children = (
				60339653191663C70079102B /* rpos */,
				60339675191663C70079102B /* rposTests */,
				6033964C191663C70079102B /* Frameworks */,
				6033964B191663C70079102B /* Products */,
			);
			sourceTree = "<group>";
		};
		6033964B191663C70079102B /* Products */ = {
			isa = PBXGroup;
			children = (
				6033964A191663C70079102B /* rpos.app */,
				6033966E191663C70079102B /* rposTests.xctest */,
			);
			name = Products;
			sourceTree = "<group>";
		};
		6033964C191663C70079102B /* Frameworks */ = {
			isa = PBXGroup;
			children = (
				6033964D191663C70079102B /* Foundation.framework */,
				6033964F191663C70079102B /* CoreGraphics.framework */,
				60339651191663C70079102B /* UIKit.framework */,
				6033966F191663C70079102B /* XCTest.framework */,
			);
			name = Frameworks;
			sourceTree = "<group>";
		};
		60339653191663C70079102B /* rpos */ = {
			isa = PBXGroup;
			children = (
				6033965C191663C70079102B /* AppDelegate.h */,
				6033965D191663C70079102B /* AppDelegate.m */,
				6033965F191663C70079102B /* Main_iPhone.storyboard */,
				60339662191663C70079102B /* Main_iPad.storyboard */,
				60339665191663C70079102B /* ViewController.h */,
				60339685191665450079102B /* xposViewController.h */,
				60339686191665450079102B /* xposViewController.m */,
				60339666191663C70079102B /* ViewController.m */,
				60339668191663C70079102B /* Images.xcassets */,
				60339654191663C70079102B /* Supporting Files */,
			);
			path = rpos;
			sourceTree = "<group>";
		};
		60339654191663C70079102B /* Supporting Files */ = {
			isa = PBXGroup;
			children = (
				60339655191663C70079102B /* rpos-Info.plist */,
				60339656191663C70079102B /* InfoPlist.strings */,
				60339659191663C70079102B /* main.m */,
				6033965B191663C70079102B /* rpos-Prefix.pch */,
			);
			name = "Supporting Files";
			sourceTree = "<group>";
		};
		60339675191663C70079102B /* rposTests */ = {
			isa = PBXGroup;
			children = (
				6033967B191663C70079102B /* rposTests.m */,
				60339676191663C70079102B /* Supporting Files */,
			);
			path = rposTests;
			sourceTree = "<group>";
		};
		60339676191663C70079102B /* Supporting Files */ = {
			isa = PBXGroup;
			children = (
				60339677191663C70079102B /* rposTests-Info.plist */,
				60339678191663C70079102B /* InfoPlist.strings */,
			);
			name = "Supporting Files";
			sourceTree = "<group>";
		};
/* End PBXGroup section */

/* Begin PBXNativeTarget section */
		60339649191663C70079102B /* rpos */ = {
			isa = PBXNativeTarget;
			buildConfigurationList = 6033967F191663C70079102B /* Build configuration list for PBXNativeTarget "rpos" */;
			buildPhases = (
				60339646191663C70079102B /* Sources */,
				60339647191663C70079102B /* Frameworks */,
				60339648191663C70079102B /* Resources */,
			);
			buildRules = (
			);
			dependencies = (
			);
			name = rpos;
			productName = rpos;
			productReference = 6033964A191663C70079102B /* rpos.app */;
			productType = "com.apple.product-type.application";
		};
		6033966D191663C70079102B /* rposTests */ = {
			isa = PBXNativeTarget;
			buildConfigurationList = 60339682191663C70079102B /* Build configuration list for PBXNativeTarget "rposTests" */;
			buildPhases = (
				6033966A191663C70079102B /* Sources */,
				6033966B191663C70079102B /* Frameworks */,
				6033966C191663C70079102B /* Resources */,
			);
			buildRules = (
			);
			dependencies = (
				60339674191663C70079102B /* PBXTargetDependency */,
			);
			name = rposTests;
			productName = rposTests;
			productReference = 6033966E191663C70079102B /* rposTests.xctest */;
			productType = "com.apple.product-type.bundle.unit-test";
		};
/* End PBXNativeTarget section */

/* Begin PBXProject section */
		60339642191663C70079102B /* Project object */ = {
			isa = PBXProject;
			attributes = {
				LastUpgradeCheck = 0510;
				ORGANIZATIONNAME = "Lawrence Fletcher";
				TargetAttributes = {
					6033966D191663C70079102B = {
						TestTargetID = 60339649191663C70079102B;
					};
				};
			};
			buildConfigurationList = 60339645191663C70079102B /* Build configuration list for PBXProject "rpos" */;
			compatibilityVersion = "Xcode 3.2";
			developmentRegion = English;
			hasScannedForEncodings = 0;
			knownRegions = (
				en,
				Base,
			);
			mainGroup = 60339641191663C70079102B;
			productRefGroup = 6033964B191663C70079102B /* Products */;
			projectDirPath = "";
			projectRoot = "";
			targets = (
				60339649191663C70079102B /* rpos */,
				6033966D191663C70079102B /* rposTests */,
			);
		};
/* End PBXProject section */

/* Begin PBXResourcesBuildPhase section */
		60339648191663C70079102B /* Resources */ = {
			isa = PBXResourcesBuildPhase;
			buildActionMask = 2147483647;
			files = (
				60339664191663C70079102B /* Main_iPad.storyboard in Resources */,
				60339669191663C70079102B /* Images.xcassets in Resources */,
				60339661191663C70079102B /* Main_iPhone.storyboard in Resources */,
				60339658191663C70079102B /* InfoPlist.strings in Resources */,
			);
			runOnlyForDeploymentPostprocessing = 0;
		};
		6033966C191663C70079102B /* Resources */ = {
			isa = PBXResourcesBuildPhase;
			buildActionMask = 2147483647;
			files = (
				6033967A191663C70079102B /* InfoPlist.strings in Resources */,
			);
			runOnlyForDeploymentPostprocessing = 0;
		};
/* End PBXResourcesBuildPhase section */

/* Begin PBXSourcesBuildPhase section */
		60339646191663C70079102B /* Sources */ = {
			isa = PBXSourcesBuildPhase;
			buildActionMask = 2147483647;
			files = (
				60339687191665450079102B /* xposViewController.m in Sources */,
				60339667191663C70079102B /* ViewController.m in Sources */,
				6033965E191663C70079102B /* AppDelegate.m in Sources */,
				6033965A191663C70079102B /* main.m in Sources */,
			);
			runOnlyForDeploymentPostprocessing = 0;
		};
		6033966A191663C70079102B /* Sources */ = {
			isa = PBXSourcesBuildPhase;
			buildActionMask = 2147483647;
			files = (
				6033967C191663C70079102B /* rposTests.m in Sources */,
			);
			runOnlyForDeploymentPostprocessing = 0;
		};
/* End PBXSourcesBuildPhase section */

/* Begin PBXTargetDependency section */
		60339674191663C70079102B /* PBXTargetDependency */ = {
			isa = PBXTargetDependency;
			target = 60339649191663C70079102B /* rpos */;
			targetProxy = 60339673191663C70079102B /* PBXContainerItemProxy */;
		};
/* End PBXTargetDependency section */

/* Begin PBXVariantGroup section */
		60339656191663C70079102B /* InfoPlist.strings */ = {
			isa = PBXVariantGroup;
			children = (
				60339657191663C70079102B /* en */,
			);
			name = InfoPlist.strings;
			sourceTree = "<group>";
		};
		6033965F191663C70079102B /* Main_iPhone.storyboard */ = {
			isa = PBXVariantGroup;
			children = (
				60339660191663C70079102B /* Base */,
			);
			name = Main_iPhone.storyboard;
			sourceTree = "<group>";
		};
		60339662191663C70079102B /* Main_iPad.storyboard */ = {
			isa = PBXVariantGroup;
			children = (
				60339663191663C70079102B /* Base */,
			);
			name = Main_iPad.storyboard;
			sourceTree = "<group>";
		};
		60339678191663C70079102B /* InfoPlist.strings */ = {
			isa = PBXVariantGroup;
			children = (
				60339679191663C70079102B /* en */,
			);
			name = InfoPlist.strings;
			sourceTree = "<group>";
		};
/* End PBXVariantGroup section */

/* Begin XCBuildConfiguration section */
		6033967D191663C70079102B /* Debug */ = {
			isa = XCBuildConfiguration;
			buildSettings = {
				ALWAYS_SEARCH_USER_PATHS = NO;
				CLANG_CXX_LANGUAGE_STANDARD = "gnu++0x";
				CLANG_CXX_LIBRARY = "libc++";
				CLANG_ENABLE_MODULES = YES;
				CLANG_ENABLE_OBJC_ARC = YES;
				CLANG_WARN_BOOL_CONVERSION = YES;
				CLANG_WARN_CONSTANT_CONVERSION = YES;
				CLANG_WARN_DIRECT_OBJC_ISA_USAGE = YES_ERROR;
				CLANG_WARN_EMPTY_BODY = YES;
				CLANG_WARN_ENUM_CONVERSION = YES;
				CLANG_WARN_INT_CONVERSION = YES;
				CLANG_WARN_OBJC_ROOT_CLASS = YES_ERROR;
				CLANG_WARN__DUPLICATE_METHOD_MATCH = YES;
				"CODE_SIGN_IDENTITY[sdk=iphoneos*]" = "iPhone Developer";
				COPY_PHASE_STRIP = NO;
				GCC_C_LANGUAGE_STANDARD = gnu99;
				GCC_DYNAMIC_NO_PIC = NO;
				GCC_OPTIMIZATION_LEVEL = 0;
				GCC_PREPROCESSOR_DEFINITIONS = (
					"DEBUG=1",
					"$(inherited)",
				);
				GCC_SYMBOLS_PRIVATE_EXTERN = NO;
				GCC_WARN_64_TO_32_BIT_CONVERSION = YES;
				GCC_WARN_ABOUT_RETURN_TYPE = YES_ERROR;
				GCC_WARN_UNDECLARED_SELECTOR = YES;
				GCC_WARN_UNINITIALIZED_AUTOS = YES_AGGRESSIVE;
				GCC_WARN_UNUSED_FUNCTION = YES;
				GCC_WARN_UNUSED_VARIABLE = YES;
				IPHONEOS_DEPLOYMENT_TARGET = 7.1;
				ONLY_ACTIVE_ARCH = YES;
				SDKROOT = iphoneos;
				TARGETED_DEVICE_FAMILY = "1,2";
			};
			name = Debug;
		};
		6033967E191663C70079102B /* Release */ = {
			isa = XCBuildConfiguration;
			buildSettings = {
				ALWAYS_SEARCH_USER_PATHS = NO;
				CLANG_CXX_LANGUAGE_STANDARD = "gnu++0x";
				CLANG_CXX_LIBRARY = "libc++";
				CLANG_ENABLE_MODULES = YES;
				CLANG_ENABLE_OBJC_ARC = YES;
				CLANG_WARN_BOOL_CONVERSION = YES;
				CLANG_WARN_CONSTANT_CONVERSION = YES;
				CLANG_WARN_DIRECT_OBJC_ISA_USAGE = YES_ERROR;
				CLANG_WARN_EMPTY_BODY = YES;
				CLANG_WARN_ENUM_CONVERSION = YES;
				CLANG_WARN_INT_CONVERSION = YES;
				CLANG_WARN_OBJC_ROOT_CLASS = YES_ERROR;
				CLANG_WARN__DUPLICATE_METHOD_MATCH = YES;
				"CODE_SIGN_IDENTITY[sdk=iphoneos*]" = "iPhone Developer";
				COPY_PHASE_STRIP = YES;
				ENABLE_NS_ASSERTIONS = NO;
				GCC_C_LANGUAGE_STANDARD = gnu99;
				GCC_WARN_64_TO_32_BIT_CONVERSION = YES;
				GCC_WARN_ABOUT_RETURN_TYPE = YES_ERROR;
				GCC_WARN_UNDECLARED_SELECTOR = YES;
				GCC_WARN_UNINITIALIZED_AUTOS = YES_AGGRESSIVE;
				GCC_WARN_UNUSED_FUNCTION = YES;
				GCC_WARN_UNUSED_VARIABLE = YES;
				IPHONEOS_DEPLOYMENT_TARGET = 7.1;
				SDKROOT = iphoneos;
				TARGETED_DEVICE_FAMILY = "1,2";
				VALIDATE_PRODUCT = YES;
			};
			name = Release;
		};
		60339680191663C70079102B /* Debug */ = {
			isa = XCBuildConfiguration;
			buildSettings = {
				ASSETCATALOG_COMPILER_APPICON_NAME = AppIcon;
				ASSETCATALOG_COMPILER_LAUNCHIMAGE_NAME = LaunchImage;
				GCC_PRECOMPILE_PREFIX_HEADER = YES;
				GCC_PREFIX_HEADER = "rpos/rpos-Prefix.pch";
				INFOPLIST_FILE = "rpos/rpos-Info.plist";
				PRODUCT_NAME = "$(TARGET_NAME)";
				WRAPPER_EXTENSION = app;
			};
			name = Debug;
		};
		60339681191663C70079102B /* Release */ = {
			isa = XCBuildConfiguration;
			buildSettings = {
				ASSETCATALOG_COMPILER_APPICON_NAME = AppIcon;
				ASSETCATALOG_COMPILER_LAUNCHIMAGE_NAME = LaunchImage;
				GCC_PRECOMPILE_PREFIX_HEADER = YES;
				GCC_PREFIX_HEADER = "rpos/rpos-Prefix.pch";
				INFOPLIST_FILE = "rpos/rpos-Info.plist";
				PRODUCT_NAME = "$(TARGET_NAME)";
				WRAPPER_EXTENSION = app;
			};
			name = Release;
		};
		60339683191663C70079102B /* Debug */ = {
			isa = XCBuildConfiguration;
			buildSettings = {
				BUNDLE_LOADER = "$(BUILT_PRODUCTS_DIR)/rpos.app/rpos";
				FRAMEWORK_SEARCH_PATHS = (
					"$(SDKROOT)/Developer/Library/Frameworks",
					"$(inherited)",
					"$(DEVELOPER_FRAMEWORKS_DIR)",
				);
				GCC_PRECOMPILE_PREFIX_HEADER = YES;
				GCC_PREFIX_HEADER = "rpos/rpos-Prefix.pch";
				GCC_PREPROCESSOR_DEFINITIONS = (
					"DEBUG=1",
					"$(inherited)",
				);
				INFOPLIST_FILE = "rposTests/rposTests-Info.plist";
				PRODUCT_NAME = "$(TARGET_NAME)";
				TEST_HOST = "$(BUNDLE_LOADER)";
				WRAPPER_EXTENSION = xctest;
			};
			name = Debug;
		};
		60339684191663C70079102B /* Release */ = {
			isa = XCBuildConfiguration;
			buildSettings = {
				BUNDLE_LOADER = "$(BUILT_PRODUCTS_DIR)/rpos.app/rpos";
				FRAMEWORK_SEARCH_PATHS = (
					"$(SDKROOT)/Developer/Library/Frameworks",
					"$(inherited)",
					"$(DEVELOPER_FRAMEWORKS_DIR)",
				);
				GCC_PRECOMPILE_PREFIX_HEADER = YES;
				GCC_PREFIX_HEADER = "rpos/rpos-Prefix.pch";
				INFOPLIST_FILE = "rposTests/rposTests-Info.plist";
				PRODUCT_NAME = "$(TARGET_NAME)";
				TEST_HOST = "$(BUNDLE_LOADER)";
				WRAPPER_EXTENSION = xctest;
			};
			name = Release;
		};
/* End XCBuildConfiguration section */

/* Begin XCConfigurationList section */
		60339645191663C70079102B /* Build configuration list for PBXProject "rpos" */ = {
			isa = XCConfigurationList;
			buildConfigurations = (
				6033967D191663C70079102B /* Debug */,
				6033967E191663C70079102B /* Release */,
			);
			defaultConfigurationIsVisible = 0;
			defaultConfigurationName = Release;
		};
		6033967F191663C70079102B /* Build configuration list for PBXNativeTarget "rpos" */ = {
			isa = XCConfigurationList;
			buildConfigurations = (
				60339680191663C70079102B /* Debug */,
				60339681191663C70079102B /* Release */,
			);
			defaultConfigurationIsVisible = 0;
		};
		60339682191663C70079102B /* Build configuration list for PBXNativeTarget "rposTests" */ = {
			isa = XCConfigurationList;
			buildConfigurations = (
				60339683191663C70079102B /* Debug */,
				60339684191663C70079102B /* Release */,
			);
			defaultConfigurationIsVisible = 0;
		};
/* End XCConfigurationList section */
	};
	rootObject = 60339642191663C70079102B /* Project object */;
}
